
Microsoft Visual Studio Solution File, Format Version 12.00
# Visual Studio Version 17
VisualStudioVersion = 17.10.35122.118
MinimumVisualStudioVersion = 10.0.40219.1
Project("{FAE04EC0-301F-11D3-BF4B-00C04F79EFBC}") = "KeePassSharedDatabasePlugin", "KeePassSharedDatabasePlugin.csproj", "{989EB84F-D157-4184-B3E3-E80FB86EEC74}"
EndProject
Project("{FAE04EC0-301F-11D3-BF4B-00C04F79EFBC}") = "KeePassSharedDatabasePlugin.UnitTests", "..\KeePassSharedDatabasePlugin.UnitTests\KeePassSharedDatabasePlugin.UnitTests.csproj", "{8254869D-2B71-40B6-87AA-83EDFCC866A6}"
EndProject
Global
	GlobalSection(SolutionConfigurationPlatforms) = preSolution
		Debug|Any CPU = Debug|Any CPU
		Release|Any CPU = Release|Any CPU
	EndGlobalSection
	GlobalSection(ProjectConfigurationPlatforms) = postSolution
		{989EB84F-D157-4184-B3E3-E80FB86EEC74}.Debug|Any CPU.ActiveCfg = Debug|Any CPU
		{989EB84F-D157-4184-B3E3-E80FB86EEC74}.Debug|Any CPU.Build.0 = Debug|Any CPU
		{989EB84F-D157-4184-B3E3-E80FB86EEC74}.Release|Any CPU.ActiveCfg = Release|Any CPU
		{989EB84F-D157-4184-B3E3-E80FB86EEC74}.Release|Any CPU.Build.0 = Release|Any CPU
		{8254869D-2B71-40B6-87AA-83EDFCC866A6}.Debug|Any CPU.ActiveCfg = Debug|Any CPU
		{8254869D-2B71-40B6-87AA-83EDFCC866A6}.Debug|Any CPU.Build.0 = Debug|Any CPU
		{8254869D-2B71-40B6-87AA-83EDFCC866A6}.Release|Any CPU.ActiveCfg = Release|Any CPU
		{8254869D-2B71-40B6-87AA-83EDFCC866A6}.Release|Any CPU.Build.0 = Release|Any CPU
	EndGlobalSection
	GlobalSection(SolutionProperties) = preSolution
		HideSolutionNode = FALSE
	EndGlobalSection
	GlobalSection(ExtensibilityGlobals) = postSolution
		SolutionGuid = {FD68C281-48A5-463A-BEC4-DEC71BD44A56}
	EndGlobalSection
EndGlobal
